
Microsoft Visual Studio Solution File, Format Version 12.00
# Visual Studio Version 16
VisualStudioVersion = 16.0.31605.320
MinimumVisualStudioVersion = 10.0.40219.1
Project("{9A19103F-16F7-4668-BE54-9A1E7A4F7556}") = "DBSA2.0", "DBSA2.0\DBSA2.0.csproj", "{76EA5084-C6E8-40BE-B82C-A04F3BF08A19}"
EndProject
Project("{54435603-DBB4-11D2-8724-00A0C9A8B90C}") = "Setup", "Setup\Setup.vdproj", "{C0F42F57-8871-4816-85A6-89150D2C94F0}"
EndProject
Global
	GlobalSection(SolutionConfigurationPlatforms) = preSolution
		Debug|Any CPU = Debug|Any CPU
		Release|Any CPU = Release|Any CPU
	EndGlobalSection
	GlobalSection(ProjectConfigurationPlatforms) = postSolution
		{76EA5084-C6E8-40BE-B82C-A04F3BF08A19}.Debug|Any CPU.ActiveCfg = Debug|Any CPU
		{76EA5084-C6E8-40BE-B82C-A04F3BF08A19}.Debug|Any CPU.Build.0 = Debug|Any CPU
		{76EA5084-C6E8-40BE-B82C-A04F3BF08A19}.Release|Any CPU.ActiveCfg = Release|Any CPU
		{76EA5084-C6E8-40BE-B82C-A04F3BF08A19}.Release|Any CPU.Build.0 = Release|Any CPU
		{C0F42F57-8871-4816-85A6-89150D2C94F0}.Debug|Any CPU.ActiveCfg = Debug
		{C0F42F57-8871-4816-85A6-89150D2C94F0}.Release|Any CPU.ActiveCfg = Release
	EndGlobalSection
	GlobalSection(SolutionProperties) = preSolution
		HideSolutionNode = FALSE
	EndGlobalSection
	GlobalSection(ExtensibilityGlobals) = postSolution
		SolutionGuid = {1BEC93D7-6422-4222-ABDF-8F3F880548E5}
	EndGlobalSection
EndGlobal
